<?xml version="1.0" encoding="utf-8"?>
<Project ToolsVersion="4.0" xmlns="http://schemas.microsoft.com/developer/msbuild/2003">
  <ItemGroup>
    <Filter Include="Headers">
      <UniqueIdentifier>{33fe1023-5807-408e-aa30-a81abf51845e}</UniqueIdentifier>
    </Filter>
    <Filter Include="Source">
      <UniqueIdentifier>{dbdb18ae-9082-4f54-a541-6ffb17ca4a00}</UniqueIdentifier>
    </Filter>
    <Filter Include="Headers\Common">
      <UniqueIdentifier>{3d22892e-44ce-4c30-b58d-514a4459b6f2}</UniqueIdentifier>
    </Filter>
    <Filter Include="Headers\Common\Api">
      <UniqueIdentifier>{1ebc1407-4e35-4372-94f6-6c6b4ccb2732}</UniqueIdentifier>
    </Filter>
    <Filter Include="Headers\Common\Api\Base">
      <UniqueIdentifier>{3904455d-5079-43cd-af31-55ef84fd25cd}</UniqueIdentifier>
    </Filter>
    <Filter Include="Headers\Common\Api\Base\DetailedTimers">
      <UniqueIdentifier>{3426cfd7-5883-4f86-b9a3-5ed3552d3bbf}</UniqueIdentifier>
    </Filter>
    <Filter Include="Source\Common">
      <UniqueIdentifier>{6f941049-a053-46e8-be17-7f91f8413a65}</UniqueIdentifier>
    </Filter>
    <Filter Include="Source\Common\Api">
      <UniqueIdentifier>{4655b5d5-2106-4a7a-994f-c0821a455105}</UniqueIdentifier>
    </Filter>
    <Filter Include="Source\Common\Api\Base">
      <UniqueIdentifier>{ed4ab7ed-0e7b-416f-ba19-62bbc13940a7}</UniqueIdentifier>
    </Filter>
    <Filter Include="Source\Common\Api\Base\DetailedTimers">
      <UniqueIdentifier>{bd4b0c40-617f-42c3-986c-b783ac026e49}</UniqueIdentifier>
    </Filter>
    <Filter Include="Source\StandAloneDemos">
      <UniqueIdentifier>{7af60e67-495c-4b9e-88ae-c1c351402d43}</UniqueIdentifier>
    </Filter>
    <Filter Include="Headers\StandAloneDemos">
      <UniqueIdentifier>{e9a56b27-0a77-4c54-ac4f-793828ce0709}</UniqueIdentifier>
    </Filter>
    <Filter Include="Headers\Common\Api\Base\Streams">
      <UniqueIdentifier>{f527cfef-4a28-4d11-a535-5839f00501b1}</UniqueIdentifier>
    </Filter>
    <Filter Include="Source\Common\Api\Base\Streams">
      <UniqueIdentifier>{3eadfcbb-4812-4535-b3fe-37409fa18325}</UniqueIdentifier>
    </Filter>
    <Filter Include="Headers\Physics2012">
      <UniqueIdentifier>{cdcaa7f4-8b63-431d-9340-300597c64c74}</UniqueIdentifier>
    </Filter>
    <Filter Include="Headers\Physics2012\Api">
      <UniqueIdentifier>{cdf13329-c637-4e57-a49e-b8446d759a55}</UniqueIdentifier>
    </Filter>
    <Filter Include="Headers\Physics2012\Api\Collide">
      <UniqueIdentifier>{0ddb8852-940a-418b-875b-10d5e09ae578}</UniqueIdentifier>
    </Filter>
    <Filter Include="Headers\Physics2012\Api\Collide\Broadphase">
      <UniqueIdentifier>{c42d3d1b-5fc2-40b1-a3e6-ae5d554773a4}</UniqueIdentifier>
    </Filter>
    <Filter Include="Headers\Physics2012\Api\Collide\Broadphase\Culling">
      <UniqueIdentifier>{c223f7d0-bf26-41a0-b092-ddb251802919}</UniqueIdentifier>
    </Filter>
    <Filter Include="Source\Physics2012">
      <UniqueIdentifier>{f63c7ae9-c811-460f-8cd9-3dac232191d8}</UniqueIdentifier>
    </Filter>
    <Filter Include="Source\Physics2012\Api">
      <UniqueIdentifier>{9d43abd6-aea0-4a49-a5f4-00213d6a28aa}</UniqueIdentifier>
    </Filter>
    <Filter Include="Source\Physics2012\Api\Collide">
      <UniqueIdentifier>{4618ff40-e34d-449b-a7da-86add915fee5}</UniqueIdentifier>
    </Filter>
    <Filter Include="Source\Physics2012\Api\Collide\Broadphase">
      <UniqueIdentifier>{19c1eef9-8a29-44bb-bbe1-12b701104581}</UniqueIdentifier>
    </Filter>
    <Filter Include="Source\Physics2012\Api\Collide\Broadphase\Culling">
      <UniqueIdentifier>{bd96feb3-2c00-4495-b363-33b8f7c16fdb}</UniqueIdentifier>
    </Filter>
    <Filter Include="Source\Physics2012\Api\Collide\MultiPendulums">
      <UniqueIdentifier>{99a4f7ec-ca6a-465f-b688-0b39c9adf87a}</UniqueIdentifier>
    </Filter>
    <Filter Include="Headers\Physics2012\Api\Collide\MultiPendulums">
      <UniqueIdentifier>{917a98b1-d62d-4e6e-80e9-fb55302105b1}</UniqueIdentifier>
    </Filter>
    <Filter Include="Headers\Utilities">
      <UniqueIdentifier>{d29368fd-1d4d-41ff-894f-8f647e63b1d1}</UniqueIdentifier>
    </Filter>
    <Filter Include="Source\Utilities">
      <UniqueIdentifier>{526efc70-dd72-4d8c-aa4e-13cf738300e3}</UniqueIdentifier>
    </Filter>
    <Filter Include="Source\Utilities\MarbleAction">
      <UniqueIdentifier>{676f27cf-6100-495e-8af9-93a226cf8a56}</UniqueIdentifier>
    </Filter>
    <Filter Include="Headers\Utilities\MarbleAction">
      <UniqueIdentifier>{566eb91b-9b04-47d5-b01d-c9ed14fdfd1d}</UniqueIdentifier>
    </Filter>
    <Filter Include="Source\Utilities\GameUtils">
      <UniqueIdentifier>{99e534f9-8cdd-4cf0-9ede-f30c6e5ca4d4}</UniqueIdentifier>
    </Filter>
    <Filter Include="Headers\Utilities\GameUtils">
      <UniqueIdentifier>{ca734dce-b419-497b-9765-411b5a364e9a}</UniqueIdentifier>
    </Filter>
    <Filter Include="Source\Utilities\EventReceiver">
      <UniqueIdentifier>{6f4f516f-ef27-491e-b7a9-596cb27e3fdb}</UniqueIdentifier>
    </Filter>
    <Filter Include="Headers\Utilities\EventReceiver">
      <UniqueIdentifier>{b066f3e7-38e8-48b7-be99-ee6d588c3f48}</UniqueIdentifier>
    </Filter>
  </ItemGroup>
  <ItemGroup>
    <ClInclude Include="HavokDefinitions.h">
      <Filter>Headers</Filter>
    </ClInclude>
    <ClInclude Include="Common\Api\Base\DetailedTimers\DetailedTimers.h">
      <Filter>Headers\Common\Api\Base\DetailedTimers</Filter>
    </ClInclude>
    <ClInclude Include="Common\Api\Base\Streams\Streams.h">
      <Filter>Headers\Common\Api\Base\Streams</Filter>
    </ClInclude>
    <ClInclude Include="StandAloneDemos\MemoryInitUtil.h">
      <Filter>Headers\StandAloneDemos</Filter>
    </ClInclude>
    <ClInclude Include="StandAloneDemos\Physics2012.h">
      <Filter>Headers\StandAloneDemos</Filter>
    </ClInclude>
    <ClInclude Include="StandAloneDemos\Physics2012Monitor.h">
      <Filter>Headers\StandAloneDemos</Filter>
    </ClInclude>
    <ClInclude Include="StandAloneDemos\Physics2012Mt.h">
      <Filter>Headers\StandAloneDemos</Filter>
    </ClInclude>
    <ClInclude Include="StandAloneDemos\Physics2012Vdb.h">
      <Filter>Headers\StandAloneDemos</Filter>
    </ClInclude>
    <ClInclude Include="StandAloneDemos\Serialize.h">
      <Filter>Headers\StandAloneDemos</Filter>
    </ClInclude>
    <ClInclude Include="StandAloneDemos\Visualize.h">
      <Filter>Headers\StandAloneDemos</Filter>
    </ClInclude>
    <ClInclude Include="IrrInterface.h">
      <Filter>Headers</Filter>
    </ClInclude>
    <ClInclude Include="Physics2012\Api\Collide\Broadphase\Culling\BroadphaseCulling.h">
      <Filter>Headers\Physics2012\Api\Collide\Broadphase\Culling</Filter>
    </ClInclude>
    <ClInclude Include="Physics2012\Api\Collide\MultiPendulums\MultiPendulums.h">
      <Filter>Headers\Physics2012\Api\Collide\MultiPendulums</Filter>
    </ClInclude>
    <ClInclude Include="Utilities\MarbleAction\MarbleAction.h">
      <Filter>Headers\Utilities\MarbleAction</Filter>
    </ClInclude>
    <ClInclude Include="Utilities\GameUtils\GameUtils.h">
      <Filter>Headers\Utilities\GameUtils</Filter>
    </ClInclude>
    <ClInclude Include="Utilities\EventReceiver\DemoEventReceiver.h">
      <Filter>Headers\Utilities\EventReceiver</Filter>
    </ClInclude>
  </ItemGroup>
  <ItemGroup>
    <ClCompile Include="main.cpp">
      <Filter>Source</Filter>
    </ClCompile>
    <ClCompile Include="Common\Api\Base\DetailedTimers\DetailedTimers.cpp">
      <Filter>Source\Common\Api\Base\DetailedTimers</Filter>
    </ClCompile>
    <ClCompile Include="Common\Api\Base\Streams\Streams.cpp">
      <Filter>Source\Common\Api\Base\Streams</Filter>
    </ClCompile>
    <ClCompile Include="StandAloneDemos\MemoryInitUtil.cpp">
      <Filter>Source\StandAloneDemos</Filter>
    </ClCompile>
    <ClCompile Include="StandAloneDemos\Physics2012.cpp">
      <Filter>Source\StandAloneDemos</Filter>
    </ClCompile>
    <ClCompile Include="StandAloneDemos\Physics2012Monitor.cpp">
      <Filter>Source\StandAloneDemos</Filter>
    </ClCompile>
    <ClCompile Include="StandAloneDemos\Physics2012Mt.cpp">
      <Filter>Source\StandAloneDemos</Filter>
    </ClCompile>
    <ClCompile Include="StandAloneDemos\Physics2012Vdb.cpp">
      <Filter>Source\StandAloneDemos</Filter>
    </ClCompile>
    <ClCompile Include="StandAloneDemos\Serialize.cpp">
      <Filter>Source\StandAloneDemos</Filter>
    </ClCompile>
    <ClCompile Include="StandAloneDemos\Visualize.cpp">
      <Filter>Source\StandAloneDemos</Filter>
    </ClCompile>
    <ClCompile Include="Physics2012\Api\Collide\Broadphase\Culling\BroadphaseCulling.cpp">
      <Filter>Source\Physics2012\Api\Collide\Broadphase\Culling</Filter>
    </ClCompile>
    <ClCompile Include="Physics2012\Api\Collide\MultiPendulums\MultiPendulums.cpp">
      <Filter>Source\Physics2012\Api\Collide\MultiPendulums</Filter>
    </ClCompile>
    <ClCompile Include="Utilities\MarbleAction\MarbleAction.cpp">
      <Filter>Source\Utilities\MarbleAction</Filter>
    </ClCompile>
    <ClCompile Include="Utilities\GameUtils\GameUtils.cpp">
      <Filter>Source\Utilities\GameUtils</Filter>
    </ClCompile>
    <ClCompile Include="Utilities\EventReceiver\DemoEventReceiver.cpp">
      <Filter>Source\Utilities\EventReceiver</Filter>
    </ClCompile>
  </ItemGroup>
</Project>